// !$*UTF8*$!
{
	archiveVersion = 1;
	classes = {
	};
	objectVersion = 46;
	objects = {

/* Begin PBXBuildFile section */
		438C06C3CAF22FFD1ABC67D9 /* Pods_TailendarUITests.framework in Frameworks */ = {isa = PBXBuildFile; fileRef = 40FAE28E3781CC2929CDB07B /* Pods_TailendarUITests.framework */; };
		BFB8F01B1E265E9C00669E92 /* AppDelegate.swift in Sources */ = {isa = PBXBuildFile; fileRef = BFB8F01A1E265E9C00669E92 /* AppDelegate.swift */; };
		BFB8F01D1E265E9C00669E92 /* ViewController.swift in Sources */ = {isa = PBXBuildFile; fileRef = BFB8F01C1E265E9C00669E92 /* ViewController.swift */; };
		BFB8F0201E265E9C00669E92 /* Main.storyboard in Resources */ = {isa = PBXBuildFile; fileRef = BFB8F01E1E265E9C00669E92 /* Main.storyboard */; };
		BFB8F0221E265E9C00669E92 /* Assets.xcassets in Resources */ = {isa = PBXBuildFile; fileRef = BFB8F0211E265E9C00669E92 /* Assets.xcassets */; };
		BFB8F0251E265E9C00669E92 /* LaunchScreen.storyboard in Resources */ = {isa = PBXBuildFile; fileRef = BFB8F0231E265E9C00669E92 /* LaunchScreen.storyboard */; };
		BFB8F0301E265E9C00669E92 /* TailendarTests.swift in Sources */ = {isa = PBXBuildFile; fileRef = BFB8F02F1E265E9C00669E92 /* TailendarTests.swift */; };
		BFB8F03B1E265E9C00669E92 /* TailendarUITests.swift in Sources */ = {isa = PBXBuildFile; fileRef = BFB8F03A1E265E9C00669E92 /* TailendarUITests.swift */; };
		C8D09846D67C0F9271EA95F0 /* Pods_TailendarTests.framework in Frameworks */ = {isa = PBXBuildFile; fileRef = 03C48CB7F9E1AA2BEE7A8B1E /* Pods_TailendarTests.framework */; };
		F757CA43BE54B9DD6BF21803 /* Pods_Tailendar.framework in Frameworks */ = {isa = PBXBuildFile; fileRef = 3437824C4F3240999830F4D5 /* Pods_Tailendar.framework */; };
/* End PBXBuildFile section */

/* Begin PBXContainerItemProxy section */
		BFB8F02C1E265E9C00669E92 /* PBXContainerItemProxy */ = {
			isa = PBXContainerItemProxy;
			containerPortal = BFB8F00F1E265E9C00669E92 /* Project object */;
			proxyType = 1;
			remoteGlobalIDString = BFB8F0161E265E9C00669E92;
			remoteInfo = Tailendar;
		};
		BFB8F0371E265E9C00669E92 /* PBXContainerItemProxy */ = {
			isa = PBXContainerItemProxy;
			containerPortal = BFB8F00F1E265E9C00669E92 /* Project object */;
			proxyType = 1;
			remoteGlobalIDString = BFB8F0161E265E9C00669E92;
			remoteInfo = Tailendar;
		};
/* End PBXContainerItemProxy section */

/* Begin PBXFileReference section */
		03C48CB7F9E1AA2BEE7A8B1E /* Pods_TailendarTests.framework */ = {isa = PBXFileReference; explicitFileType = wrapper.framework; includeInIndex = 0; path = Pods_TailendarTests.framework; sourceTree = BUILT_PRODUCTS_DIR; };
		3437824C4F3240999830F4D5 /* Pods_Tailendar.framework */ = {isa = PBXFileReference; explicitFileType = wrapper.framework; includeInIndex = 0; path = Pods_Tailendar.framework; sourceTree = BUILT_PRODUCTS_DIR; };
		40FAE28E3781CC2929CDB07B /* Pods_TailendarUITests.framework */ = {isa = PBXFileReference; explicitFileType = wrapper.framework; includeInIndex = 0; path = Pods_TailendarUITests.framework; sourceTree = BUILT_PRODUCTS_DIR; };
		59BF4C3A1B9F477CD5C2B7B4 /* Pods-TailendarUITests.debug.xcconfig */ = {isa = PBXFileReference; includeInIndex = 1; lastKnownFileType = text.xcconfig; name = "Pods-TailendarUITests.debug.xcconfig"; path = "Pods/Target Support Files/Pods-TailendarUITests/Pods-TailendarUITests.debug.xcconfig"; sourceTree = "<group>"; };
		61DE73E2C6568CB9734AEED6 /* Pods-Tailendar.release.xcconfig */ = {isa = PBXFileReference; includeInIndex = 1; lastKnownFileType = text.xcconfig; name = "Pods-Tailendar.release.xcconfig"; path = "Pods/Target Support Files/Pods-Tailendar/Pods-Tailendar.release.xcconfig"; sourceTree = "<group>"; };
		7C9D5B3765F66C6EF7CA59E5 /* Pods-TailendarTests.release.xcconfig */ = {isa = PBXFileReference; includeInIndex = 1; lastKnownFileType = text.xcconfig; name = "Pods-TailendarTests.release.xcconfig"; path = "Pods/Target Support Files/Pods-TailendarTests/Pods-TailendarTests.release.xcconfig"; sourceTree = "<group>"; };
		B453D606E18377273D071228 /* Pods-TailendarTests.debug.xcconfig */ = {isa = PBXFileReference; includeInIndex = 1; lastKnownFileType = text.xcconfig; name = "Pods-TailendarTests.debug.xcconfig"; path = "Pods/Target Support Files/Pods-TailendarTests/Pods-TailendarTests.debug.xcconfig"; sourceTree = "<group>"; };
		B62996EBF6BB178EE544B672 /* Pods-Tailendar.debug.xcconfig */ = {isa = PBXFileReference; includeInIndex = 1; lastKnownFileType = text.xcconfig; name = "Pods-Tailendar.debug.xcconfig"; path = "Pods/Target Support Files/Pods-Tailendar/Pods-Tailendar.debug.xcconfig"; sourceTree = "<group>"; };
		BFB8F0171E265E9C00669E92 /* Tailendar.app */ = {isa = PBXFileReference; explicitFileType = wrapper.application; includeInIndex = 0; path = Tailendar.app; sourceTree = BUILT_PRODUCTS_DIR; };
		BFB8F01A1E265E9C00669E92 /* AppDelegate.swift */ = {isa = PBXFileReference; lastKnownFileType = sourcecode.swift; path = AppDelegate.swift; sourceTree = "<group>"; };
		BFB8F01C1E265E9C00669E92 /* ViewController.swift */ = {isa = PBXFileReference; lastKnownFileType = sourcecode.swift; path = ViewController.swift; sourceTree = "<group>"; };
		BFB8F01F1E265E9C00669E92 /* Base */ = {isa = PBXFileReference; lastKnownFileType = file.storyboard; name = Base; path = Base.lproj/Main.storyboard; sourceTree = "<group>"; };
		BFB8F0211E265E9C00669E92 /* Assets.xcassets */ = {isa = PBXFileReference; lastKnownFileType = folder.assetcatalog; path = Assets.xcassets; sourceTree = "<group>"; };
		BFB8F0241E265E9C00669E92 /* Base */ = {isa = PBXFileReference; lastKnownFileType = file.storyboard; name = Base; path = Base.lproj/LaunchScreen.storyboard; sourceTree = "<group>"; };
		BFB8F0261E265E9C00669E92 /* Info.plist */ = {isa = PBXFileReference; lastKnownFileType = text.plist.xml; path = Info.plist; sourceTree = "<group>"; };
		BFB8F02B1E265E9C00669E92 /* TailendarTests.xctest */ = {isa = PBXFileReference; explicitFileType = wrapper.cfbundle; includeInIndex = 0; path = TailendarTests.xctest; sourceTree = BUILT_PRODUCTS_DIR; };
		BFB8F02F1E265E9C00669E92 /* TailendarTests.swift */ = {isa = PBXFileReference; lastKnownFileType = sourcecode.swift; path = TailendarTests.swift; sourceTree = "<group>"; };
		BFB8F0311E265E9C00669E92 /* Info.plist */ = {isa = PBXFileReference; lastKnownFileType = text.plist.xml; path = Info.plist; sourceTree = "<group>"; };
		BFB8F0361E265E9C00669E92 /* TailendarUITests.xctest */ = {isa = PBXFileReference; explicitFileType = wrapper.cfbundle; includeInIndex = 0; path = TailendarUITests.xctest; sourceTree = BUILT_PRODUCTS_DIR; };
		BFB8F03A1E265E9C00669E92 /* TailendarUITests.swift */ = {isa = PBXFileReference; lastKnownFileType = sourcecode.swift; path = TailendarUITests.swift; sourceTree = "<group>"; };
		BFB8F03C1E265E9C00669E92 /* Info.plist */ = {isa = PBXFileReference; lastKnownFileType = text.plist.xml; path = Info.plist; sourceTree = "<group>"; };
		DECFD74BB59133B17825062F /* Pods-TailendarUITests.release.xcconfig */ = {isa = PBXFileReference; includeInIndex = 1; lastKnownFileType = text.xcconfig; name = "Pods-TailendarUITests.release.xcconfig"; path = "Pods/Target Support Files/Pods-TailendarUITests/Pods-TailendarUITests.release.xcconfig"; sourceTree = "<group>"; };
/* End PBXFileReference section */

/* Begin PBXFrameworksBuildPhase section */
		BFB8F0141E265E9C00669E92 /* Frameworks */ = {
			isa = PBXFrameworksBuildPhase;
			buildActionMask = 2147483647;
			files = (
				F757CA43BE54B9DD6BF21803 /* Pods_Tailendar.framework in Frameworks */,
			);
			runOnlyForDeploymentPostprocessing = 0;
		};
		BFB8F0281E265E9C00669E92 /* Frameworks */ = {
			isa = PBXFrameworksBuildPhase;
			buildActionMask = 2147483647;
			files = (
				C8D09846D67C0F9271EA95F0 /* Pods_TailendarTests.framework in Frameworks */,
			);
			runOnlyForDeploymentPostprocessing = 0;
		};
		BFB8F0331E265E9C00669E92 /* Frameworks */ = {
			isa = PBXFrameworksBuildPhase;
			buildActionMask = 2147483647;
			files = (
				438C06C3CAF22FFD1ABC67D9 /* Pods_TailendarUITests.framework in Frameworks */,
			);
			runOnlyForDeploymentPostprocessing = 0;
		};
/* End PBXFrameworksBuildPhase section */

/* Begin PBXGroup section */
		2079FE9C6809491C3F80539A /* Pods */ = {
			isa = PBXGroup;
			children = (
				B62996EBF6BB178EE544B672 /* Pods-Tailendar.debug.xcconfig */,
				61DE73E2C6568CB9734AEED6 /* Pods-Tailendar.release.xcconfig */,
				B453D606E18377273D071228 /* Pods-TailendarTests.debug.xcconfig */,
				7C9D5B3765F66C6EF7CA59E5 /* Pods-TailendarTests.release.xcconfig */,
				59BF4C3A1B9F477CD5C2B7B4 /* Pods-TailendarUITests.debug.xcconfig */,
				DECFD74BB59133B17825062F /* Pods-TailendarUITests.release.xcconfig */,
			);
			name = Pods;
			sourceTree = "<group>";
		};
		8DEF810BD0A103676230EAAD /* Frameworks */ = {
			isa = PBXGroup;
			children = (
				3437824C4F3240999830F4D5 /* Pods_Tailendar.framework */,
				03C48CB7F9E1AA2BEE7A8B1E /* Pods_TailendarTests.framework */,
				40FAE28E3781CC2929CDB07B /* Pods_TailendarUITests.framework */,
			);
			name = Frameworks;
			sourceTree = "<group>";
		};
		BFB8F00E1E265E9C00669E92 = {
			isa = PBXGroup;
			children = (
				BFB8F0191E265E9C00669E92 /* Tailendar */,
				BFB8F02E1E265E9C00669E92 /* TailendarTests */,
				BFB8F0391E265E9C00669E92 /* TailendarUITests */,
				BFB8F0181E265E9C00669E92 /* Products */,
				2079FE9C6809491C3F80539A /* Pods */,
				8DEF810BD0A103676230EAAD /* Frameworks */,
			);
			sourceTree = "<group>";
		};
		BFB8F0181E265E9C00669E92 /* Products */ = {
			isa = PBXGroup;
			children = (
				BFB8F0171E265E9C00669E92 /* Tailendar.app */,
				BFB8F02B1E265E9C00669E92 /* TailendarTests.xctest */,
				BFB8F0361E265E9C00669E92 /* TailendarUITests.xctest */,
			);
			name = Products;
			sourceTree = "<group>";
		};
		BFB8F0191E265E9C00669E92 /* Tailendar */ = {
			isa = PBXGroup;
			children = (
				BFB8F01A1E265E9C00669E92 /* AppDelegate.swift */,
				BFB8F01C1E265E9C00669E92 /* ViewController.swift */,
				BFB8F01E1E265E9C00669E92 /* Main.storyboard */,
				BFB8F0211E265E9C00669E92 /* Assets.xcassets */,
				BFB8F0231E265E9C00669E92 /* LaunchScreen.storyboard */,
				BFB8F0261E265E9C00669E92 /* Info.plist */,
			);
			path = Tailendar;
			sourceTree = "<group>";
		};
		BFB8F02E1E265E9C00669E92 /* TailendarTests */ = {
			isa = PBXGroup;
			children = (
				BFB8F02F1E265E9C00669E92 /* TailendarTests.swift */,
				BFB8F0311E265E9C00669E92 /* Info.plist */,
			);
			path = TailendarTests;
			sourceTree = "<group>";
		};
		BFB8F0391E265E9C00669E92 /* TailendarUITests */ = {
			isa = PBXGroup;
			children = (
				BFB8F03A1E265E9C00669E92 /* TailendarUITests.swift */,
				BFB8F03C1E265E9C00669E92 /* Info.plist */,
			);
			path = TailendarUITests;
			sourceTree = "<group>";
		};
/* End PBXGroup section */

/* Begin PBXNativeTarget section */
		BFB8F0161E265E9C00669E92 /* Tailendar */ = {
			isa = PBXNativeTarget;
			buildConfigurationList = BFB8F03F1E265E9C00669E92 /* Build configuration list for PBXNativeTarget "Tailendar" */;
			buildPhases = (
				E6F24614853B90328548C10E /* [CP] Check Pods Manifest.lock */,
				BFB8F0131E265E9C00669E92 /* Sources */,
				BFB8F0141E265E9C00669E92 /* Frameworks */,
				BFB8F0151E265E9C00669E92 /* Resources */,
				242058970EF22E778B9CD02A /* [CP] Embed Pods Frameworks */,
				59D0054CF168CC44F82DC2C3 /* [CP] Copy Pods Resources */,
			);
			buildRules = (
			);
			dependencies = (
			);
			name = Tailendar;
			productName = Tailendar;
			productReference = BFB8F0171E265E9C00669E92 /* Tailendar.app */;
			productType = "com.apple.product-type.application";
		};
		BFB8F02A1E265E9C00669E92 /* TailendarTests */ = {
			isa = PBXNativeTarget;
			buildConfigurationList = BFB8F0421E265E9C00669E92 /* Build configuration list for PBXNativeTarget "TailendarTests" */;
			buildPhases = (
				46C73F81ABE06B62DE8AA729 /* [CP] Check Pods Manifest.lock */,
				BFB8F0271E265E9C00669E92 /* Sources */,
				BFB8F0281E265E9C00669E92 /* Frameworks */,
				BFB8F0291E265E9C00669E92 /* Resources */,
				A2C8C94EF2B96924784784B3 /* [CP] Embed Pods Frameworks */,
				88F8106DCEC647D475C3B8EF /* [CP] Copy Pods Resources */,
			);
			buildRules = (
			);
			dependencies = (
				BFB8F02D1E265E9C00669E92 /* PBXTargetDependency */,
			);
			name = TailendarTests;
			productName = TailendarTests;
			productReference = BFB8F02B1E265E9C00669E92 /* TailendarTests.xctest */;
			productType = "com.apple.product-type.bundle.unit-test";
		};
		BFB8F0351E265E9C00669E92 /* TailendarUITests */ = {
			isa = PBXNativeTarget;
			buildConfigurationList = BFB8F0451E265E9C00669E92 /* Build configuration list for PBXNativeTarget "TailendarUITests" */;
			buildPhases = (
				7FD38751B2F92B8CB958154E /* [CP] Check Pods Manifest.lock */,
				BFB8F0321E265E9C00669E92 /* Sources */,
				BFB8F0331E265E9C00669E92 /* Frameworks */,
				BFB8F0341E265E9C00669E92 /* Resources */,
				E67F015C6C338AE190D53C74 /* [CP] Embed Pods Frameworks */,
				CC7180B2789CE010AAA10CAA /* [CP] Copy Pods Resources */,
			);
			buildRules = (
			);
			dependencies = (
				BFB8F0381E265E9C00669E92 /* PBXTargetDependency */,
			);
			name = TailendarUITests;
			productName = TailendarUITests;
			productReference = BFB8F0361E265E9C00669E92 /* TailendarUITests.xctest */;
			productType = "com.apple.product-type.bundle.ui-testing";
		};
/* End PBXNativeTarget section */

/* Begin PBXProject section */
		BFB8F00F1E265E9C00669E92 /* Project object */ = {
			isa = PBXProject;
			attributes = {
				LastSwiftUpdateCheck = 0820;
				LastUpgradeCheck = 0820;
				ORGANIZATIONNAME = "Shane Qi";
				TargetAttributes = {
					BFB8F0161E265E9C00669E92 = {
						CreatedOnToolsVersion = 8.2;
						DevelopmentTeam = L2EY42T35G;
						ProvisioningStyle = Automatic;
					};
					BFB8F02A1E265E9C00669E92 = {
						CreatedOnToolsVersion = 8.2;
						DevelopmentTeam = L2EY42T35G;
						ProvisioningStyle = Automatic;
						TestTargetID = BFB8F0161E265E9C00669E92;
					};
					BFB8F0351E265E9C00669E92 = {
						CreatedOnToolsVersion = 8.2;
						DevelopmentTeam = L2EY42T35G;
						ProvisioningStyle = Automatic;
						TestTargetID = BFB8F0161E265E9C00669E92;
					};
				};
			};
			buildConfigurationList = BFB8F0121E265E9C00669E92 /* Build configuration list for PBXProject "Tailendar" */;
			compatibilityVersion = "Xcode 3.2";
			developmentRegion = English;
			hasScannedForEncodings = 0;
			knownRegions = (
				en,
				Base,
			);
			mainGroup = BFB8F00E1E265E9C00669E92;
			productRefGroup = BFB8F0181E265E9C00669E92 /* Products */;
			projectDirPath = "";
			projectRoot = "";
			targets = (
				BFB8F0161E265E9C00669E92 /* Tailendar */,
				BFB8F02A1E265E9C00669E92 /* TailendarTests */,
				BFB8F0351E265E9C00669E92 /* TailendarUITests */,
			);
		};
/* End PBXProject section */

/* Begin PBXResourcesBuildPhase section */
		BFB8F0151E265E9C00669E92 /* Resources */ = {
			isa = PBXResourcesBuildPhase;
			buildActionMask = 2147483647;
			files = (
				BFB8F0251E265E9C00669E92 /* LaunchScreen.storyboard in Resources */,
				BFB8F0221E265E9C00669E92 /* Assets.xcassets in Resources */,
				BFB8F0201E265E9C00669E92 /* Main.storyboard in Resources */,
			);
			runOnlyForDeploymentPostprocessing = 0;
		};
		BFB8F0291E265E9C00669E92 /* Resources */ = {
			isa = PBXResourcesBuildPhase;
			buildActionMask = 2147483647;
			files = (
			);
			runOnlyForDeploymentPostprocessing = 0;
		};
		BFB8F0341E265E9C00669E92 /* Resources */ = {
			isa = PBXResourcesBuildPhase;
			buildActionMask = 2147483647;
			files = (
			);
			runOnlyForDeploymentPostprocessing = 0;
		};
/* End PBXResourcesBuildPhase section */

/* Begin PBXShellScriptBuildPhase section */
		242058970EF22E778B9CD02A /* [CP] Embed Pods Frameworks */ = {
			isa = PBXShellScriptBuildPhase;
			buildActionMask = 2147483647;
			files = (
			);
			inputPaths = (
			);
			name = "[CP] Embed Pods Frameworks";
			outputPaths = (
			);
			runOnlyForDeploymentPostprocessing = 0;
			shellPath = /bin/sh;
			shellScript = "\"${SRCROOT}/Pods/Target Support Files/Pods-Tailendar/Pods-Tailendar-frameworks.sh\"\n";
			showEnvVarsInLog = 0;
		};
		46C73F81ABE06B62DE8AA729 /* [CP] Check Pods Manifest.lock */ = {
			isa = PBXShellScriptBuildPhase;
			buildActionMask = 2147483647;
			files = (
			);
			inputPaths = (
			);
			name = "[CP] Check Pods Manifest.lock";
			outputPaths = (
			);
			runOnlyForDeploymentPostprocessing = 0;
			shellPath = /bin/sh;
			shellScript = "diff \"${PODS_ROOT}/../Podfile.lock\" \"${PODS_ROOT}/Manifest.lock\" > /dev/null\nif [ $? != 0 ] ; then\n    # print error to STDERR\n    echo \"error: The sandbox is not in sync with the Podfile.lock. Run 'pod install' or update your CocoaPods installation.\" >&2\n    exit 1\nfi\n";
			showEnvVarsInLog = 0;
		};
		59D0054CF168CC44F82DC2C3 /* [CP] Copy Pods Resources */ = {
			isa = PBXShellScriptBuildPhase;
			buildActionMask = 2147483647;
			files = (
			);
			inputPaths = (
			);
			name = "[CP] Copy Pods Resources";
			outputPaths = (
			);
			runOnlyForDeploymentPostprocessing = 0;
			shellPath = /bin/sh;
			shellScript = "\"${SRCROOT}/Pods/Target Support Files/Pods-Tailendar/Pods-Tailendar-resources.sh\"\n";
			showEnvVarsInLog = 0;
		};
		7FD38751B2F92B8CB958154E /* [CP] Check Pods Manifest.lock */ = {
			isa = PBXShellScriptBuildPhase;
			buildActionMask = 2147483647;
			files = (
			);
			inputPaths = (
			);
			name = "[CP] Check Pods Manifest.lock";
			outputPaths = (
			);
			runOnlyForDeploymentPostprocessing = 0;
			shellPath = /bin/sh;
			shellScript = "diff \"${PODS_ROOT}/../Podfile.lock\" \"${PODS_ROOT}/Manifest.lock\" > /dev/null\nif [ $? != 0 ] ; then\n    # print error to STDERR\n    echo \"error: The sandbox is not in sync with the Podfile.lock. Run 'pod install' or update your CocoaPods installation.\" >&2\n    exit 1\nfi\n";
			showEnvVarsInLog = 0;
		};
		88F8106DCEC647D475C3B8EF /* [CP] Copy Pods Resources */ = {
			isa = PBXShellScriptBuildPhase;
			buildActionMask = 2147483647;
			files = (
			);
			inputPaths = (
			);
			name = "[CP] Copy Pods Resources";
			outputPaths = (
			);
			runOnlyForDeploymentPostprocessing = 0;
			shellPath = /bin/sh;
			shellScript = "\"${SRCROOT}/Pods/Target Support Files/Pods-TailendarTests/Pods-TailendarTests-resources.sh\"\n";
			showEnvVarsInLog = 0;
		};
		A2C8C94EF2B96924784784B3 /* [CP] Embed Pods Frameworks */ = {
			isa = PBXShellScriptBuildPhase;
			buildActionMask = 2147483647;
			files = (
			);
			inputPaths = (
			);
			name = "[CP] Embed Pods Frameworks";
			outputPaths = (
			);
			runOnlyForDeploymentPostprocessing = 0;
			shellPath = /bin/sh;
			shellScript = "\"${SRCROOT}/Pods/Target Support Files/Pods-TailendarTests/Pods-TailendarTests-frameworks.sh\"\n";
			showEnvVarsInLog = 0;
		};
		CC7180B2789CE010AAA10CAA /* [CP] Copy Pods Resources */ = {
			isa = PBXShellScriptBuildPhase;
			buildActionMask = 2147483647;
			files = (
			);
			inputPaths = (
			);
			name = "[CP] Copy Pods Resources";
			outputPaths = (
			);
			runOnlyForDeploymentPostprocessing = 0;
			shellPath = /bin/sh;
			shellScript = "\"${SRCROOT}/Pods/Target Support Files/Pods-TailendarUITests/Pods-TailendarUITests-resources.sh\"\n";
			showEnvVarsInLog = 0;
		};
		E67F015C6C338AE190D53C74 /* [CP] Embed Pods Frameworks */ = {
			isa = PBXShellScriptBuildPhase;
			buildActionMask = 2147483647;
			files = (
			);
			inputPaths = (
			);
			name = "[CP] Embed Pods Frameworks";
			outputPaths = (
			);
			runOnlyForDeploymentPostprocessing = 0;
			shellPath = /bin/sh;
			shellScript = "\"${SRCROOT}/Pods/Target Support Files/Pods-TailendarUITests/Pods-TailendarUITests-frameworks.sh\"\n";
			showEnvVarsInLog = 0;
		};
		E6F24614853B90328548C10E /* [CP] Check Pods Manifest.lock */ = {
			isa = PBXShellScriptBuildPhase;
			buildActionMask = 2147483647;
			files = (
			);
			inputPaths = (
			);
			name = "[CP] Check Pods Manifest.lock";
			outputPaths = (
			);
			runOnlyForDeploymentPostprocessing = 0;
			shellPath = /bin/sh;
			shellScript = "diff \"${PODS_ROOT}/../Podfile.lock\" \"${PODS_ROOT}/Manifest.lock\" > /dev/null\nif [ $? != 0 ] ; then\n    # print error to STDERR\n    echo \"error: The sandbox is not in sync with the Podfile.lock. Run 'pod install' or update your CocoaPods installation.\" >&2\n    exit 1\nfi\n";
			showEnvVarsInLog = 0;
		};
/* End PBXShellScriptBuildPhase section */

/* Begin PBXSourcesBuildPhase section */
		BFB8F0131E265E9C00669E92 /* Sources */ = {
			isa = PBXSourcesBuildPhase;
			buildActionMask = 2147483647;
			files = (
				BFB8F01D1E265E9C00669E92 /* ViewController.swift in Sources */,
				BFB8F01B1E265E9C00669E92 /* AppDelegate.swift in Sources */,
			);
			runOnlyForDeploymentPostprocessing = 0;
		};
		BFB8F0271E265E9C00669E92 /* Sources */ = {
			isa = PBXSourcesBuildPhase;
			buildActionMask = 2147483647;
			files = (
				BFB8F0301E265E9C00669E92 /* TailendarTests.swift in Sources */,
			);
			runOnlyForDeploymentPostprocessing = 0;
		};
		BFB8F0321E265E9C00669E92 /* Sources */ = {
			isa = PBXSourcesBuildPhase;
			buildActionMask = 2147483647;
			files = (
				BFB8F03B1E265E9C00669E92 /* TailendarUITests.swift in Sources */,
			);
			runOnlyForDeploymentPostprocessing = 0;
		};
/* End PBXSourcesBuildPhase section */

/* Begin PBXTargetDependency section */
		BFB8F02D1E265E9C00669E92 /* PBXTargetDependency */ = {
			isa = PBXTargetDependency;
			target = BFB8F0161E265E9C00669E92 /* Tailendar */;
			targetProxy = BFB8F02C1E265E9C00669E92 /* PBXContainerItemProxy */;
		};
		BFB8F0381E265E9C00669E92 /* PBXTargetDependency */ = {
			isa = PBXTargetDependency;
			target = BFB8F0161E265E9C00669E92 /* Tailendar */;
			targetProxy = BFB8F0371E265E9C00669E92 /* PBXContainerItemProxy */;
		};
/* End PBXTargetDependency section */

/* Begin PBXVariantGroup section */
		BFB8F01E1E265E9C00669E92 /* Main.storyboard */ = {
			isa = PBXVariantGroup;
			children = (
				BFB8F01F1E265E9C00669E92 /* Base */,
			);
			name = Main.storyboard;
			sourceTree = "<group>";
		};
		BFB8F0231E265E9C00669E92 /* LaunchScreen.storyboard */ = {
			isa = PBXVariantGroup;
			children = (
				BFB8F0241E265E9C00669E92 /* Base */,
			);
			name = LaunchScreen.storyboard;
			sourceTree = "<group>";
		};
/* End PBXVariantGroup section */

/* Begin XCBuildConfiguration section */
		BFB8F03D1E265E9C00669E92 /* Debug */ = {
			isa = XCBuildConfiguration;
			buildSettings = {
				ALWAYS_SEARCH_USER_PATHS = NO;
				CLANG_ANALYZER_NONNULL = YES;
				CLANG_CXX_LANGUAGE_STANDARD = "gnu++0x";
				CLANG_CXX_LIBRARY = "libc++";
				CLANG_ENABLE_MODULES = YES;
				CLANG_ENABLE_OBJC_ARC = YES;
				CLANG_WARN_BOOL_CONVERSION = YES;
				CLANG_WARN_CONSTANT_CONVERSION = YES;
				CLANG_WARN_DIRECT_OBJC_ISA_USAGE = YES_ERROR;
				CLANG_WARN_DOCUMENTATION_COMMENTS = YES;
				CLANG_WARN_EMPTY_BODY = YES;
				CLANG_WARN_ENUM_CONVERSION = YES;
				CLANG_WARN_INFINITE_RECURSION = YES;
				CLANG_WARN_INT_CONVERSION = YES;
				CLANG_WARN_OBJC_ROOT_CLASS = YES_ERROR;
				CLANG_WARN_SUSPICIOUS_MOVE = YES;
				CLANG_WARN_UNREACHABLE_CODE = YES;
				CLANG_WARN__DUPLICATE_METHOD_MATCH = YES;
				"CODE_SIGN_IDENTITY[sdk=iphoneos*]" = "iPhone Developer";
				COPY_PHASE_STRIP = NO;
				DEBUG_INFORMATION_FORMAT = dwarf;
				ENABLE_STRICT_OBJC_MSGSEND = YES;
				ENABLE_TESTABILITY = YES;
				GCC_C_LANGUAGE_STANDARD = gnu99;
				GCC_DYNAMIC_NO_PIC = NO;
				GCC_NO_COMMON_BLOCKS = YES;
				GCC_OPTIMIZATION_LEVEL = 0;
				GCC_PREPROCESSOR_DEFINITIONS = (
					"DEBUG=1",
					"$(inherited)",
				);
				GCC_WARN_64_TO_32_BIT_CONVERSION = YES;
				GCC_WARN_ABOUT_RETURN_TYPE = YES_ERROR;
				GCC_WARN_UNDECLARED_SELECTOR = YES;
				GCC_WARN_UNINITIALIZED_AUTOS = YES_AGGRESSIVE;
				GCC_WARN_UNUSED_FUNCTION = YES;
				GCC_WARN_UNUSED_VARIABLE = YES;
				IPHONEOS_DEPLOYMENT_TARGET = 10.2;
				MTL_ENABLE_DEBUG_INFO = YES;
				ONLY_ACTIVE_ARCH = YES;
				SDKROOT = iphoneos;
				SWIFT_ACTIVE_COMPILATION_CONDITIONS = DEBUG;
				SWIFT_OPTIMIZATION_LEVEL = "-Onone";
			};
			name = Debug;
		};
		BFB8F03E1E265E9C00669E92 /* Release */ = {
			isa = XCBuildConfiguration;
			buildSettings = {
				ALWAYS_SEARCH_USER_PATHS = NO;
				CLANG_ANALYZER_NONNULL = YES;
				CLANG_CXX_LANGUAGE_STANDARD = "gnu++0x";
				CLANG_CXX_LIBRARY = "libc++";
				CLANG_ENABLE_MODULES = YES;
				CLANG_ENABLE_OBJC_ARC = YES;
				CLANG_WARN_BOOL_CONVERSION = YES;
				CLANG_WARN_CONSTANT_CONVERSION = YES;
				CLANG_WARN_DIRECT_OBJC_ISA_USAGE = YES_ERROR;
				CLANG_WARN_DOCUMENTATION_COMMENTS = YES;
				CLANG_WARN_EMPTY_BODY = YES;
				CLANG_WARN_ENUM_CONVERSION = YES;
				CLANG_WARN_INFINITE_RECURSION = YES;
				CLANG_WARN_INT_CONVERSION = YES;
				CLANG_WARN_OBJC_ROOT_CLASS = YES_ERROR;
				CLANG_WARN_SUSPICIOUS_MOVE = YES;
				CLANG_WARN_UNREACHABLE_CODE = YES;
				CLANG_WARN__DUPLICATE_METHOD_MATCH = YES;
				"CODE_SIGN_IDENTITY[sdk=iphoneos*]" = "iPhone Developer";
				COPY_PHASE_STRIP = NO;
				DEBUG_INFORMATION_FORMAT = "dwarf-with-dsym";
				ENABLE_NS_ASSERTIONS = NO;
				ENABLE_STRICT_OBJC_MSGSEND = YES;
				GCC_C_LANGUAGE_STANDARD = gnu99;
				GCC_NO_COMMON_BLOCKS = YES;
				GCC_WARN_64_TO_32_BIT_CONVERSION = YES;
				GCC_WARN_ABOUT_RETURN_TYPE = YES_ERROR;
				GCC_WARN_UNDECLARED_SELECTOR = YES;
				GCC_WARN_UNINITIALIZED_AUTOS = YES_AGGRESSIVE;
				GCC_WARN_UNUSED_FUNCTION = YES;
				GCC_WARN_UNUSED_VARIABLE = YES;
				IPHONEOS_DEPLOYMENT_TARGET = 10.2;
				MTL_ENABLE_DEBUG_INFO = NO;
				SDKROOT = iphoneos;
				SWIFT_OPTIMIZATION_LEVEL = "-Owholemodule";
				VALIDATE_PRODUCT = YES;
			};
			name = Release;
		};
		BFB8F0401E265E9C00669E92 /* Debug */ = {
			isa = XCBuildConfiguration;
			baseConfigurationReference = B62996EBF6BB178EE544B672 /* Pods-Tailendar.debug.xcconfig */;
			buildSettings = {
				ASSETCATALOG_COMPILER_APPICON_NAME = AppIcon;
				DEVELOPMENT_TEAM = L2EY42T35G;
				INFOPLIST_FILE = Tailendar/Info.plist;
				LD_RUNPATH_SEARCH_PATHS = "$(inherited) @executable_path/Frameworks";
				PRODUCT_BUNDLE_IDENTIFIER = com.github.shaneqi.Tailendar;
				PRODUCT_NAME = "$(TARGET_NAME)";
				SWIFT_VERSION = 3.0;
			};
			name = Debug;
		};
		BFB8F0411E265E9C00669E92 /* Release */ = {
			isa = XCBuildConfiguration;
			baseConfigurationReference = 61DE73E2C6568CB9734AEED6 /* Pods-Tailendar.release.xcconfig */;
			buildSettings = {
				ASSETCATALOG_COMPILER_APPICON_NAME = AppIcon;
				DEVELOPMENT_TEAM = L2EY42T35G;
				INFOPLIST_FILE = Tailendar/Info.plist;
				LD_RUNPATH_SEARCH_PATHS = "$(inherited) @executable_path/Frameworks";
				PRODUCT_BUNDLE_IDENTIFIER = com.github.shaneqi.Tailendar;
				PRODUCT_NAME = "$(TARGET_NAME)";
				SWIFT_VERSION = 3.0;
			};
			name = Release;
		};
		BFB8F0431E265E9C00669E92 /* Debug */ = {
			isa = XCBuildConfiguration;
			baseConfigurationReference = B453D606E18377273D071228 /* Pods-TailendarTests.debug.xcconfig */;
			buildSettings = {
				ALWAYS_EMBED_SWIFT_STANDARD_LIBRARIES = YES;
				BUNDLE_LOADER = "$(TEST_HOST)";
				DEVELOPMENT_TEAM = L2EY42T35G;
				INFOPLIST_FILE = TailendarTests/Info.plist;
				LD_RUNPATH_SEARCH_PATHS = "$(inherited) @executable_path/Frameworks @loader_path/Frameworks";
				PRODUCT_BUNDLE_IDENTIFIER = com.github.shaneqi.TailendarTests;
				PRODUCT_NAME = "$(TARGET_NAME)";
				SWIFT_VERSION = 3.0;
				TEST_HOST = "$(BUILT_PRODUCTS_DIR)/Tailendar.app/Tailendar";
			};
			name = Debug;
		};
		BFB8F0441E265E9C00669E92 /* Release */ = {
			isa = XCBuildConfiguration;
			baseConfigurationReference = 7C9D5B3765F66C6EF7CA59E5 /* Pods-TailendarTests.release.xcconfig */;
			buildSettings = {
				ALWAYS_EMBED_SWIFT_STANDARD_LIBRARIES = YES;
				BUNDLE_LOADER = "$(TEST_HOST)";
				DEVELOPMENT_TEAM = L2EY42T35G;
				INFOPLIST_FILE = TailendarTests/Info.plist;
				LD_RUNPATH_SEARCH_PATHS = "$(inherited) @executable_path/Frameworks @loader_path/Frameworks";
				PRODUCT_BUNDLE_IDENTIFIER = com.github.shaneqi.TailendarTests;
				PRODUCT_NAME = "$(TARGET_NAME)";
				SWIFT_VERSION = 3.0;
				TEST_HOST = "$(BUILT_PRODUCTS_DIR)/Tailendar.app/Tailendar";
			};
			name = Release;
		};
		BFB8F0461E265E9C00669E92 /* Debug */ = {
			isa = XCBuildConfiguration;
			baseConfigurationReference = 59BF4C3A1B9F477CD5C2B7B4 /* Pods-TailendarUITests.debug.xcconfig */;
			buildSettings = {
				ALWAYS_EMBED_SWIFT_STANDARD_LIBRARIES = YES;
				DEVELOPMENT_TEAM = L2EY42T35G;
				INFOPLIST_FILE = TailendarUITests/Info.plist;
				LD_RUNPATH_SEARCH_PATHS = "$(inherited) @executable_path/Frameworks @loader_path/Frameworks";
				PRODUCT_BUNDLE_IDENTIFIER = com.github.shaneqi.TailendarUITests;
				PRODUCT_NAME = "$(TARGET_NAME)";
				SWIFT_VERSION = 3.0;
				TEST_TARGET_NAME = Tailendar;
			};
			name = Debug;
		};
		BFB8F0471E265E9C00669E92 /* Release */ = {
			isa = XCBuildConfiguration;
			baseConfigurationReference = DECFD74BB59133B17825062F /* Pods-TailendarUITests.release.xcconfig */;
			buildSettings = {
				ALWAYS_EMBED_SWIFT_STANDARD_LIBRARIES = YES;
				DEVELOPMENT_TEAM = L2EY42T35G;
				INFOPLIST_FILE = TailendarUITests/Info.plist;
				LD_RUNPATH_SEARCH_PATHS = "$(inherited) @executable_path/Frameworks @loader_path/Frameworks";
				PRODUCT_BUNDLE_IDENTIFIER = com.github.shaneqi.TailendarUITests;
				PRODUCT_NAME = "$(TARGET_NAME)";
				SWIFT_VERSION = 3.0;
				TEST_TARGET_NAME = Tailendar;
			};
			name = Release;
		};
/* End XCBuildConfiguration section */

/* Begin XCConfigurationList section */
		BFB8F0121E265E9C00669E92 /* Build configuration list for PBXProject "Tailendar" */ = {
			isa = XCConfigurationList;
			buildConfigurations = (
				BFB8F03D1E265E9C00669E92 /* Debug */,
				BFB8F03E1E265E9C00669E92 /* Release */,
			);
			defaultConfigurationIsVisible = 0;
			defaultConfigurationName = Release;
		};
		BFB8F03F1E265E9C00669E92 /* Build configuration list for PBXNativeTarget "Tailendar" */ = {
			isa = XCConfigurationList;
			buildConfigurations = (
				BFB8F0401E265E9C00669E92 /* Debug */,
				BFB8F0411E265E9C00669E92 /* Release */,
			);
			defaultConfigurationIsVisible = 0;
		};
		BFB8F0421E265E9C00669E92 /* Build configuration list for PBXNativeTarget "TailendarTests" */ = {
			isa = XCConfigurationList;
			buildConfigurations = (
				BFB8F0431E265E9C00669E92 /* Debug */,
				BFB8F0441E265E9C00669E92 /* Release */,
			);
			defaultConfigurationIsVisible = 0;
		};
		BFB8F0451E265E9C00669E92 /* Build configuration list for PBXNativeTarget "TailendarUITests" */ = {
			isa = XCConfigurationList;
			buildConfigurations = (
				BFB8F0461E265E9C00669E92 /* Debug */,
				BFB8F0471E265E9C00669E92 /* Release */,
			);
			defaultConfigurationIsVisible = 0;
		};
/* End XCConfigurationList section */
	};
	rootObject = BFB8F00F1E265E9C00669E92 /* Project object */;
}
